
Microsoft Visual Studio Solution File, Format Version 12.00
# Visual Studio Version 17
VisualStudioVersion = 17.9.34723.18
MinimumVisualStudioVersion = 10.0.40219.1
Project("{FAE04EC0-301F-11D3-BF4B-00C04F79EFBC}") = "Upr2", "Upr2\Upr2.csproj", "{2A31C5EC-FC5D-4EF9-AA19-E6593DBA6C05}"
EndProject
Global
	GlobalSection(SolutionConfigurationPlatforms) = preSolution
		Debug|Any CPU = Debug|Any CPU
		Release|Any CPU = Release|Any CPU
	EndGlobalSection
	GlobalSection(ProjectConfigurationPlatforms) = postSolution
		{2A31C5EC-FC5D-4EF9-AA19-E6593DBA6C05}.Debug|Any CPU.ActiveCfg = Debug|Any CPU
		{2A31C5EC-FC5D-4EF9-AA19-E6593DBA6C05}.Debug|Any CPU.Build.0 = Debug|Any CPU
		{2A31C5EC-FC5D-4EF9-AA19-E6593DBA6C05}.Release|Any CPU.ActiveCfg = Release|Any CPU
		{2A31C5EC-FC5D-4EF9-AA19-E6593DBA6C05}.Release|Any CPU.Build.0 = Release|Any CPU
	EndGlobalSection
	GlobalSection(SolutionProperties) = preSolution
		HideSolutionNode = FALSE
	EndGlobalSection
	GlobalSection(ExtensibilityGlobals) = postSolution
		SolutionGuid = {01A9699C-3F1B-4192-A509-4D5C18F8834F}
	EndGlobalSection
EndGlobal
